github.com/a-h/templ v0.2.408 h1:WmXdjVjxjMJyjRg+34cgg+hRC0duDg9OJy6euZbS4ek=
github.com/a-h/templ v0.2.408/go.mod h1:6Lfhsl3Z4/vXl7jjEjkJRCqoWDGjDnuKgzjYMDSddas=
github.com/google/go-cmp v0.5.9 h1:O2Tfq5qg4qc4AmwVlvv0oLiVAGB7enBSJ2x2DqQFi38=
github.com/google/go-cmp v0.5.9/go.mod h1:17dUlkBOakJ0+DkrSSNjCkIjxS6bF9zb3elmeNGIjoY=
github.com/yuin/goldmark v1.6.0 h1:boZcn2GTjpsynOsC0iJHnBWa4Bi0qzfJjthwauItG68=
github.com/yuin/goldmark v1.6.0/go.mod h1:6yULJ656Px+3vBD8DxQVa3kxgyrAnzto9xy5taEt/CY=
